
Microsoft Visual Studio Solution File, Format Version 12.00
# Visual Studio 2012
Project("{FAE04EC0-301F-11D3-BF4B-00C04F79EFBC}") = "CodeCamper.Web", "CodeCamper.Web\CodeCamper.Web.csproj", "{4532B10B-73D3-4219-AEFC-6536A9CF7A07}"
EndProject
Project("{FAE04EC0-301F-11D3-BF4B-00C04F79EFBC}") = "CodeCamper.Data", "CodeCamper.Data\CodeCamper.Data.csproj", "{2927B297-C964-47C0-B21B-45B4F0DA51EB}"
EndProject
Project("{FAE04EC0-301F-11D3-BF4B-00C04F79EFBC}") = "CodeCamper.Model", "CodeCamper.Model\CodeCamper.Model.csproj", "{DD84308E-DA43-4AA8-96DB-1D1F8026C484}"
EndProject
Project("{FAE04EC0-301F-11D3-BF4B-00C04F79EFBC}") = "CodeCamper.Data.Contracts", "CodeCamper.Data.Contracts\CodeCamper.Data.Contracts.csproj", "{1E0C3FDC-BCD3-4B8E-85EC-B2FC35A7EE82}"
EndProject
Project("{FAE04EC0-301F-11D3-BF4B-00C04F79EFBC}") = "CodeCamper.Test", "CodeCamper.Test\CodeCamper.Test.csproj", "{9CEA1F1A-7323-42C0-8DBB-74A317109C3F}"
EndProject
Global
	GlobalSection(SolutionConfigurationPlatforms) = preSolution
		Debug|Any CPU = Debug|Any CPU
		Release|Any CPU = Release|Any CPU
	EndGlobalSection
	GlobalSection(ProjectConfigurationPlatforms) = postSolution
		{4532B10B-73D3-4219-AEFC-6536A9CF7A07}.Debug|Any CPU.ActiveCfg = Debug|Any CPU
		{4532B10B-73D3-4219-AEFC-6536A9CF7A07}.Debug|Any CPU.Build.0 = Debug|Any CPU
		{4532B10B-73D3-4219-AEFC-6536A9CF7A07}.Release|Any CPU.ActiveCfg = Release|Any CPU
		{4532B10B-73D3-4219-AEFC-6536A9CF7A07}.Release|Any CPU.Build.0 = Release|Any CPU
		{2927B297-C964-47C0-B21B-45B4F0DA51EB}.Debug|Any CPU.ActiveCfg = Debug|Any CPU
		{2927B297-C964-47C0-B21B-45B4F0DA51EB}.Debug|Any CPU.Build.0 = Debug|Any CPU
		{2927B297-C964-47C0-B21B-45B4F0DA51EB}.Release|Any CPU.ActiveCfg = Release|Any CPU
		{2927B297-C964-47C0-B21B-45B4F0DA51EB}.Release|Any CPU.Build.0 = Release|Any CPU
		{DD84308E-DA43-4AA8-96DB-1D1F8026C484}.Debug|Any CPU.ActiveCfg = Debug|Any CPU
		{DD84308E-DA43-4AA8-96DB-1D1F8026C484}.Debug|Any CPU.Build.0 = Debug|Any CPU
		{DD84308E-DA43-4AA8-96DB-1D1F8026C484}.Release|Any CPU.ActiveCfg = Release|Any CPU
		{DD84308E-DA43-4AA8-96DB-1D1F8026C484}.Release|Any CPU.Build.0 = Release|Any CPU
		{1E0C3FDC-BCD3-4B8E-85EC-B2FC35A7EE82}.Debug|Any CPU.ActiveCfg = Debug|Any CPU
		{1E0C3FDC-BCD3-4B8E-85EC-B2FC35A7EE82}.Debug|Any CPU.Build.0 = Debug|Any CPU
		{1E0C3FDC-BCD3-4B8E-85EC-B2FC35A7EE82}.Release|Any CPU.ActiveCfg = Release|Any CPU
		{1E0C3FDC-BCD3-4B8E-85EC-B2FC35A7EE82}.Release|Any CPU.Build.0 = Release|Any CPU
		{9CEA1F1A-7323-42C0-8DBB-74A317109C3F}.Debug|Any CPU.ActiveCfg = Debug|Any CPU
		{9CEA1F1A-7323-42C0-8DBB-74A317109C3F}.Debug|Any CPU.Build.0 = Debug|Any CPU
		{9CEA1F1A-7323-42C0-8DBB-74A317109C3F}.Release|Any CPU.ActiveCfg = Release|Any CPU
		{9CEA1F1A-7323-42C0-8DBB-74A317109C3F}.Release|Any CPU.Build.0 = Release|Any CPU
	EndGlobalSection
	GlobalSection(SolutionProperties) = preSolution
		HideSolutionNode = FALSE
	EndGlobalSection
EndGlobal
